[{<<"goldrush">>,
  {git,"git://github.com/DeadZen/goldrush.git",
       {ref,"71e63212f12c25827e0c1b4198d37d5d018a7fec"}},
  3},
 {<<"neotoma">>,
  {git,"git://github.com/seancribbs/neotoma.git",
       {ref,"760928ec8870da02eb11bccb501e2700925d06c6"}},
  2},
 {<<"lager">>,
  {git,"git://github.com/basho/lager.git",
       {ref,"b6b6cebcb27ccff8acc59ae775acebc2f52e4926"}},
  2},
 {<<"getopt">>,
  {git,"git://github.com/jcomellas/getopt.git",
       {ref,"659a28f4145bc9843598972854299dc4ea77e4cb"}},
  2},
 {<<"quickrand">>,
  {git,"https://github.com/okeuday/quickrand.git",
       {ref,"36bc75ac538430f6858453576850ea088d22c183"}},
  1},
 {<<"meck">>,
  {git,"git://github.com/basho/meck.git",
       {ref,"dde759050eff19a1a80fd854d7375174b191665d"}},
  1},
 {<<"cuttlefish">>,
  {git,"git://github.com/basho/cuttlefish.git",
       {ref,"c92c8325aeaea6b6ba7516bbd434f8e408f87d60"}},
  1},
 {<<"uuid">>,
  {git,"https://github.com/okeuday/uuid.git",
       {ref,"31f408f4efc072be42da12cd45001e80ea60360e"}},
  0},
 {<<"itc">>,
  {git,"git://github.com/ferd/Interval-Tree-Clocks.git",
       {ref,"168449da42871892f6047733edddf33936dd660f"}},
  0},
 {<<"gproc">>,
  {git,"https://github.com/uwiger/gproc.git",
       {ref,"2b1b9ac870416469097af695de413afd5e78f66c"}},
  0},
 {<<"bitcask">>,
  {git,"https://github.com/basho/bitcask.git",
       {ref,"1b5ad684c1845f1cf7e8dd4f6fa5fe45e5baf3be"}},
  0}].
